
Microsoft Visual Studio Solution File, Format Version 12.00
# Visual Studio Version 17
VisualStudioVersion = 17.3.32901.215
MinimumVisualStudioVersion = 10.0.40219.1
Project("{2150E333-8FDC-42A3-9474-1A3956D46DE8}") = "Solution Items", "Solution Items", "{036D11FC-0F70-4FE9-B0B0-2E7CEE3B6EA6}"
	ProjectSection(SolutionItems) = preProject
		README.md = README.md
		Testing\Testing.csproj.user = Testing\Testing.csproj.user
	EndProjectSection
EndProject
Project("{9A19103F-16F7-4668-BE54-9A1E7A4F7556}") = "DataLayer", "DataLayer\DataLayer.csproj", "{52754943-D6A8-4E1F-90DD-04777FE0979E}"
EndProject
Project("{9A19103F-16F7-4668-BE54-9A1E7A4F7556}") = "DesktopApp", "DesktopApp\DesktopApp.csproj", "{887E67C2-9590-4933-83F8-5910A3B3135C}"
	ProjectSection(ProjectDependencies) = postProject
		{52754943-D6A8-4E1F-90DD-04777FE0979E} = {52754943-D6A8-4E1F-90DD-04777FE0979E}
	EndProjectSection
EndProject
Project("{9A19103F-16F7-4668-BE54-9A1E7A4F7556}") = "WebApp", "WebApp\WebApp.csproj", "{35CAB4E5-359D-4543-B339-E3AD31234B91}"
	ProjectSection(ProjectDependencies) = postProject
		{52754943-D6A8-4E1F-90DD-04777FE0979E} = {52754943-D6A8-4E1F-90DD-04777FE0979E}
	EndProjectSection
EndProject
Project("{9A19103F-16F7-4668-BE54-9A1E7A4F7556}") = "Testing", "Testing\Testing.csproj", "{740F0CAC-D0F2-400E-839C-B15B027F69C0}"
	ProjectSection(ProjectDependencies) = postProject
		{52754943-D6A8-4E1F-90DD-04777FE0979E} = {52754943-D6A8-4E1F-90DD-04777FE0979E}
	EndProjectSection
EndProject
Global
	GlobalSection(SolutionConfigurationPlatforms) = preSolution
		Debug|Any CPU = Debug|Any CPU
		Release|Any CPU = Release|Any CPU
	EndGlobalSection
	GlobalSection(ProjectConfigurationPlatforms) = postSolution
		{52754943-D6A8-4E1F-90DD-04777FE0979E}.Debug|Any CPU.ActiveCfg = Debug|Any CPU
		{52754943-D6A8-4E1F-90DD-04777FE0979E}.Debug|Any CPU.Build.0 = Debug|Any CPU
		{52754943-D6A8-4E1F-90DD-04777FE0979E}.Release|Any CPU.ActiveCfg = Release|Any CPU
		{52754943-D6A8-4E1F-90DD-04777FE0979E}.Release|Any CPU.Build.0 = Release|Any CPU
		{887E67C2-9590-4933-83F8-5910A3B3135C}.Debug|Any CPU.ActiveCfg = Debug|Any CPU
		{887E67C2-9590-4933-83F8-5910A3B3135C}.Debug|Any CPU.Build.0 = Debug|Any CPU
		{887E67C2-9590-4933-83F8-5910A3B3135C}.Release|Any CPU.ActiveCfg = Release|Any CPU
		{887E67C2-9590-4933-83F8-5910A3B3135C}.Release|Any CPU.Build.0 = Release|Any CPU
		{35CAB4E5-359D-4543-B339-E3AD31234B91}.Debug|Any CPU.ActiveCfg = Debug|Any CPU
		{35CAB4E5-359D-4543-B339-E3AD31234B91}.Debug|Any CPU.Build.0 = Debug|Any CPU
		{35CAB4E5-359D-4543-B339-E3AD31234B91}.Release|Any CPU.ActiveCfg = Release|Any CPU
		{35CAB4E5-359D-4543-B339-E3AD31234B91}.Release|Any CPU.Build.0 = Release|Any CPU
		{740F0CAC-D0F2-400E-839C-B15B027F69C0}.Debug|Any CPU.ActiveCfg = Debug|Any CPU
		{740F0CAC-D0F2-400E-839C-B15B027F69C0}.Debug|Any CPU.Build.0 = Debug|Any CPU
		{740F0CAC-D0F2-400E-839C-B15B027F69C0}.Release|Any CPU.ActiveCfg = Release|Any CPU
		{740F0CAC-D0F2-400E-839C-B15B027F69C0}.Release|Any CPU.Build.0 = Release|Any CPU
	EndGlobalSection
	GlobalSection(SolutionProperties) = preSolution
		HideSolutionNode = FALSE
	EndGlobalSection
	GlobalSection(ExtensibilityGlobals) = postSolution
		SolutionGuid = {3F6337B3-2658-4BA5-908E-4226D46AC9D3}
	EndGlobalSection
EndGlobal
